// !$*UTF8*$!
{
	archiveVersion = 1;
	classes = {
	};
	objectVersion = 48;
	objects = {

/* Begin PBXBuildFile section */
		502E8F7820BFB65700D0985B /* AppDelegate.swift in Sources */ = {isa = PBXBuildFile; fileRef = 502E8F7720BFB65700D0985B /* AppDelegate.swift */; };
		502E8F7A20BFB65700D0985B /* ViewController.swift in Sources */ = {isa = PBXBuildFile; fileRef = 502E8F7920BFB65700D0985B /* ViewController.swift */; };
		502E8F7D20BFB65700D0985B /* Main.storyboard in Resources */ = {isa = PBXBuildFile; fileRef = 502E8F7B20BFB65700D0985B /* Main.storyboard */; };
		502E8F7F20BFB65700D0985B /* Assets.xcassets in Resources */ = {isa = PBXBuildFile; fileRef = 502E8F7E20BFB65700D0985B /* Assets.xcassets */; };
		502E8F8220BFB65700D0985B /* LaunchScreen.storyboard in Resources */ = {isa = PBXBuildFile; fileRef = 502E8F8020BFB65700D0985B /* LaunchScreen.storyboard */; };
		502E8F8D20BFB65700D0985B /* Multi_RadioTests.swift in Sources */ = {isa = PBXBuildFile; fileRef = 502E8F8C20BFB65700D0985B /* Multi_RadioTests.swift */; };
		502E8F9820BFB65800D0985B /* Multi_RadioUITests.swift in Sources */ = {isa = PBXBuildFile; fileRef = 502E8F9720BFB65800D0985B /* Multi_RadioUITests.swift */; };
/* End PBXBuildFile section */

/* Begin PBXContainerItemProxy section */
		502E8F8920BFB65700D0985B /* PBXContainerItemProxy */ = {
			isa = PBXContainerItemProxy;
			containerPortal = 502E8F6C20BFB65700D0985B /* Project object */;
			proxyType = 1;
			remoteGlobalIDString = 502E8F7320BFB65700D0985B;
			remoteInfo = "Multi Radio";
		};
		502E8F9420BFB65700D0985B /* PBXContainerItemProxy */ = {
			isa = PBXContainerItemProxy;
			containerPortal = 502E8F6C20BFB65700D0985B /* Project object */;
			proxyType = 1;
			remoteGlobalIDString = 502E8F7320BFB65700D0985B;
			remoteInfo = "Multi Radio";
		};
/* End PBXContainerItemProxy section */

/* Begin PBXFileReference section */
		502E8F7420BFB65700D0985B /* Multi Radio.app */ = {isa = PBXFileReference; explicitFileType = wrapper.application; includeInIndex = 0; path = "Multi Radio.app"; sourceTree = BUILT_PRODUCTS_DIR; };
		502E8F7720BFB65700D0985B /* AppDelegate.swift */ = {isa = PBXFileReference; lastKnownFileType = sourcecode.swift; path = AppDelegate.swift; sourceTree = "<group>"; };
		502E8F7920BFB65700D0985B /* ViewController.swift */ = {isa = PBXFileReference; lastKnownFileType = sourcecode.swift; path = ViewController.swift; sourceTree = "<group>"; };
		502E8F7C20BFB65700D0985B /* Base */ = {isa = PBXFileReference; lastKnownFileType = file.storyboard; name = Base; path = Base.lproj/Main.storyboard; sourceTree = "<group>"; };
		502E8F7E20BFB65700D0985B /* Assets.xcassets */ = {isa = PBXFileReference; lastKnownFileType = folder.assetcatalog; path = Assets.xcassets; sourceTree = "<group>"; };
		502E8F8120BFB65700D0985B /* Base */ = {isa = PBXFileReference; lastKnownFileType = file.storyboard; name = Base; path = Base.lproj/LaunchScreen.storyboard; sourceTree = "<group>"; };
		502E8F8320BFB65700D0985B /* Info.plist */ = {isa = PBXFileReference; lastKnownFileType = text.plist.xml; path = Info.plist; sourceTree = "<group>"; };
		502E8F8820BFB65700D0985B /* Multi RadioTests.xctest */ = {isa = PBXFileReference; explicitFileType = wrapper.cfbundle; includeInIndex = 0; path = "Multi RadioTests.xctest"; sourceTree = BUILT_PRODUCTS_DIR; };
		502E8F8C20BFB65700D0985B /* Multi_RadioTests.swift */ = {isa = PBXFileReference; lastKnownFileType = sourcecode.swift; path = Multi_RadioTests.swift; sourceTree = "<group>"; };
		502E8F8E20BFB65700D0985B /* Info.plist */ = {isa = PBXFileReference; lastKnownFileType = text.plist.xml; path = Info.plist; sourceTree = "<group>"; };
		502E8F9320BFB65700D0985B /* Multi RadioUITests.xctest */ = {isa = PBXFileReference; explicitFileType = wrapper.cfbundle; includeInIndex = 0; path = "Multi RadioUITests.xctest"; sourceTree = BUILT_PRODUCTS_DIR; };
		502E8F9720BFB65800D0985B /* Multi_RadioUITests.swift */ = {isa = PBXFileReference; lastKnownFileType = sourcecode.swift; path = Multi_RadioUITests.swift; sourceTree = "<group>"; };
		502E8F9920BFB65800D0985B /* Info.plist */ = {isa = PBXFileReference; lastKnownFileType = text.plist.xml; path = Info.plist; sourceTree = "<group>"; };
/* End PBXFileReference section */

/* Begin PBXFrameworksBuildPhase section */
		502E8F7120BFB65700D0985B /* Frameworks */ = {
			isa = PBXFrameworksBuildPhase;
			buildActionMask = 2147483647;
			files = (
			);
			runOnlyForDeploymentPostprocessing = 0;
		};
		502E8F8520BFB65700D0985B /* Frameworks */ = {
			isa = PBXFrameworksBuildPhase;
			buildActionMask = 2147483647;
			files = (
			);
			runOnlyForDeploymentPostprocessing = 0;
		};
		502E8F9020BFB65700D0985B /* Frameworks */ = {
			isa = PBXFrameworksBuildPhase;
			buildActionMask = 2147483647;
			files = (
			);
			runOnlyForDeploymentPostprocessing = 0;
		};
/* End PBXFrameworksBuildPhase section */

/* Begin PBXGroup section */
		502E8F6B20BFB65700D0985B = {
			isa = PBXGroup;
			children = (
				502E8F7620BFB65700D0985B /* Multi Radio */,
				502E8F8B20BFB65700D0985B /* Multi RadioTests */,
				502E8F9620BFB65700D0985B /* Multi RadioUITests */,
				502E8F7520BFB65700D0985B /* Products */,
			);
			sourceTree = "<group>";
		};
		502E8F7520BFB65700D0985B /* Products */ = {
			isa = PBXGroup;
			children = (
				502E8F7420BFB65700D0985B /* Multi Radio.app */,
				502E8F8820BFB65700D0985B /* Multi RadioTests.xctest */,
				502E8F9320BFB65700D0985B /* Multi RadioUITests.xctest */,
			);
			name = Products;
			sourceTree = "<group>";
		};
		502E8F7620BFB65700D0985B /* Multi Radio */ = {
			isa = PBXGroup;
			children = (
				502E8F7720BFB65700D0985B /* AppDelegate.swift */,
				502E8F7920BFB65700D0985B /* ViewController.swift */,
				502E8F7B20BFB65700D0985B /* Main.storyboard */,
				502E8F7E20BFB65700D0985B /* Assets.xcassets */,
				502E8F8020BFB65700D0985B /* LaunchScreen.storyboard */,
				502E8F8320BFB65700D0985B /* Info.plist */,
			);
			path = "Multi Radio";
			sourceTree = "<group>";
		};
		502E8F8B20BFB65700D0985B /* Multi RadioTests */ = {
			isa = PBXGroup;
			children = (
				502E8F8C20BFB65700D0985B /* Multi_RadioTests.swift */,
				502E8F8E20BFB65700D0985B /* Info.plist */,
			);
			path = "Multi RadioTests";
			sourceTree = "<group>";
		};
		502E8F9620BFB65700D0985B /* Multi RadioUITests */ = {
			isa = PBXGroup;
			children = (
				502E8F9720BFB65800D0985B /* Multi_RadioUITests.swift */,
				502E8F9920BFB65800D0985B /* Info.plist */,
			);
			path = "Multi RadioUITests";
			sourceTree = "<group>";
		};
/* End PBXGroup section */

/* Begin PBXNativeTarget section */
		502E8F7320BFB65700D0985B /* Multi Radio */ = {
			isa = PBXNativeTarget;
			buildConfigurationList = 502E8F9C20BFB65800D0985B /* Build configuration list for PBXNativeTarget "Multi Radio" */;
			buildPhases = (
				502E8F7020BFB65700D0985B /* Sources */,
				502E8F7120BFB65700D0985B /* Frameworks */,
				502E8F7220BFB65700D0985B /* Resources */,
			);
			buildRules = (
			);
			dependencies = (
			);
			name = "Multi Radio";
			productName = "Multi Radio";
			productReference = 502E8F7420BFB65700D0985B /* Multi Radio.app */;
			productType = "com.apple.product-type.application";
		};
		502E8F8720BFB65700D0985B /* Multi RadioTests */ = {
			isa = PBXNativeTarget;
			buildConfigurationList = 502E8F9F20BFB65800D0985B /* Build configuration list for PBXNativeTarget "Multi RadioTests" */;
			buildPhases = (
				502E8F8420BFB65700D0985B /* Sources */,
				502E8F8520BFB65700D0985B /* Frameworks */,
				502E8F8620BFB65700D0985B /* Resources */,
			);
			buildRules = (
			);
			dependencies = (
				502E8F8A20BFB65700D0985B /* PBXTargetDependency */,
			);
			name = "Multi RadioTests";
			productName = "Multi RadioTests";
			productReference = 502E8F8820BFB65700D0985B /* Multi RadioTests.xctest */;
			productType = "com.apple.product-type.bundle.unit-test";
		};
		502E8F9220BFB65700D0985B /* Multi RadioUITests */ = {
			isa = PBXNativeTarget;
			buildConfigurationList = 502E8FA220BFB65800D0985B /* Build configuration list for PBXNativeTarget "Multi RadioUITests" */;
			buildPhases = (
				502E8F8F20BFB65700D0985B /* Sources */,
				502E8F9020BFB65700D0985B /* Frameworks */,
				502E8F9120BFB65700D0985B /* Resources */,
			);
			buildRules = (
			);
			dependencies = (
				502E8F9520BFB65700D0985B /* PBXTargetDependency */,
			);
			name = "Multi RadioUITests";
			productName = "Multi RadioUITests";
			productReference = 502E8F9320BFB65700D0985B /* Multi RadioUITests.xctest */;
			productType = "com.apple.product-type.bundle.ui-testing";
		};
/* End PBXNativeTarget section */

/* Begin PBXProject section */
		502E8F6C20BFB65700D0985B /* Project object */ = {
			isa = PBXProject;
			attributes = {
				LastSwiftUpdateCheck = 0920;
				LastUpgradeCheck = 0920;
				ORGANIZATIONNAME = MCC;
				TargetAttributes = {
					502E8F7320BFB65700D0985B = {
						CreatedOnToolsVersion = 9.2;
						ProvisioningStyle = Automatic;
					};
					502E8F8720BFB65700D0985B = {
						CreatedOnToolsVersion = 9.2;
						ProvisioningStyle = Automatic;
						TestTargetID = 502E8F7320BFB65700D0985B;
					};
					502E8F9220BFB65700D0985B = {
						CreatedOnToolsVersion = 9.2;
						ProvisioningStyle = Automatic;
						TestTargetID = 502E8F7320BFB65700D0985B;
					};
				};
			};
			buildConfigurationList = 502E8F6F20BFB65700D0985B /* Build configuration list for PBXProject "Multi Radio" */;
			compatibilityVersion = "Xcode 8.0";
			developmentRegion = en;
			hasScannedForEncodings = 0;
			knownRegions = (
				en,
				Base,
			);
			mainGroup = 502E8F6B20BFB65700D0985B;
			productRefGroup = 502E8F7520BFB65700D0985B /* Products */;
			projectDirPath = "";
			projectRoot = "";
			targets = (
				502E8F7320BFB65700D0985B /* Multi Radio */,
				502E8F8720BFB65700D0985B /* Multi RadioTests */,
				502E8F9220BFB65700D0985B /* Multi RadioUITests */,
			);
		};
/* End PBXProject section */

/* Begin PBXResourcesBuildPhase section */
		502E8F7220BFB65700D0985B /* Resources */ = {
			isa = PBXResourcesBuildPhase;
			buildActionMask = 2147483647;
			files = (
				502E8F8220BFB65700D0985B /* LaunchScreen.storyboard in Resources */,
				502E8F7F20BFB65700D0985B /* Assets.xcassets in Resources */,
				502E8F7D20BFB65700D0985B /* Main.storyboard in Resources */,
			);
			runOnlyForDeploymentPostprocessing = 0;
		};
		502E8F8620BFB65700D0985B /* Resources */ = {
			isa = PBXResourcesBuildPhase;
			buildActionMask = 2147483647;
			files = (
			);
			runOnlyForDeploymentPostprocessing = 0;
		};
		502E8F9120BFB65700D0985B /* Resources */ = {
			isa = PBXResourcesBuildPhase;
			buildActionMask = 2147483647;
			files = (
			);
			runOnlyForDeploymentPostprocessing = 0;
		};
/* End PBXResourcesBuildPhase section */

/* Begin PBXSourcesBuildPhase section */
		502E8F7020BFB65700D0985B /* Sources */ = {
			isa = PBXSourcesBuildPhase;
			buildActionMask = 2147483647;
			files = (
				502E8F7A20BFB65700D0985B /* ViewController.swift in Sources */,
				502E8F7820BFB65700D0985B /* AppDelegate.swift in Sources */,
			);
			runOnlyForDeploymentPostprocessing = 0;
		};
		502E8F8420BFB65700D0985B /* Sources */ = {
			isa = PBXSourcesBuildPhase;
			buildActionMask = 2147483647;
			files = (
				502E8F8D20BFB65700D0985B /* Multi_RadioTests.swift in Sources */,
			);
			runOnlyForDeploymentPostprocessing = 0;
		};
		502E8F8F20BFB65700D0985B /* Sources */ = {
			isa = PBXSourcesBuildPhase;
			buildActionMask = 2147483647;
			files = (
				502E8F9820BFB65800D0985B /* Multi_RadioUITests.swift in Sources */,
			);
			runOnlyForDeploymentPostprocessing = 0;
		};
/* End PBXSourcesBuildPhase section */

/* Begin PBXTargetDependency section */
		502E8F8A20BFB65700D0985B /* PBXTargetDependency */ = {
			isa = PBXTargetDependency;
			target = 502E8F7320BFB65700D0985B /* Multi Radio */;
			targetProxy = 502E8F8920BFB65700D0985B /* PBXContainerItemProxy */;
		};
		502E8F9520BFB65700D0985B /* PBXTargetDependency */ = {
			isa = PBXTargetDependency;
			target = 502E8F7320BFB65700D0985B /* Multi Radio */;
			targetProxy = 502E8F9420BFB65700D0985B /* PBXContainerItemProxy */;
		};
/* End PBXTargetDependency section */

/* Begin PBXVariantGroup section */
		502E8F7B20BFB65700D0985B /* Main.storyboard */ = {
			isa = PBXVariantGroup;
			children = (
				502E8F7C20BFB65700D0985B /* Base */,
			);
			name = Main.storyboard;
			sourceTree = "<group>";
		};
		502E8F8020BFB65700D0985B /* LaunchScreen.storyboard */ = {
			isa = PBXVariantGroup;
			children = (
				502E8F8120BFB65700D0985B /* Base */,
			);
			name = LaunchScreen.storyboard;
			sourceTree = "<group>";
		};
/* End PBXVariantGroup section */

/* Begin XCBuildConfiguration section */
		502E8F9A20BFB65800D0985B /* Debug */ = {
			isa = XCBuildConfiguration;
			buildSettings = {
				ALWAYS_SEARCH_USER_PATHS = NO;
				CLANG_ANALYZER_NONNULL = YES;
				CLANG_ANALYZER_NUMBER_OBJECT_CONVERSION = YES_AGGRESSIVE;
				CLANG_CXX_LANGUAGE_STANDARD = "gnu++14";
				CLANG_CXX_LIBRARY = "libc++";
				CLANG_ENABLE_MODULES = YES;
				CLANG_ENABLE_OBJC_ARC = YES;
				CLANG_WARN_BLOCK_CAPTURE_AUTORELEASING = YES;
				CLANG_WARN_BOOL_CONVERSION = YES;
				CLANG_WARN_COMMA = YES;
				CLANG_WARN_CONSTANT_CONVERSION = YES;
				CLANG_WARN_DIRECT_OBJC_ISA_USAGE = YES_ERROR;
				CLANG_WARN_DOCUMENTATION_COMMENTS = YES;
				CLANG_WARN_EMPTY_BODY = YES;
				CLANG_WARN_ENUM_CONVERSION = YES;
				CLANG_WARN_INFINITE_RECURSION = YES;
				CLANG_WARN_INT_CONVERSION = YES;
				CLANG_WARN_NON_LITERAL_NULL_CONVERSION = YES;
				CLANG_WARN_OBJC_LITERAL_CONVERSION = YES;
				CLANG_WARN_OBJC_ROOT_CLASS = YES_ERROR;
				CLANG_WARN_RANGE_LOOP_ANALYSIS = YES;
				CLANG_WARN_STRICT_PROTOTYPES = YES;
				CLANG_WARN_SUSPICIOUS_MOVE = YES;
				CLANG_WARN_UNGUARDED_AVAILABILITY = YES_AGGRESSIVE;
				CLANG_WARN_UNREACHABLE_CODE = YES;
				CLANG_WARN__DUPLICATE_METHOD_MATCH = YES;
				CODE_SIGN_IDENTITY = "iPhone Developer";
				COPY_PHASE_STRIP = NO;
				DEBUG_INFORMATION_FORMAT = dwarf;
				ENABLE_STRICT_OBJC_MSGSEND = YES;
				ENABLE_TESTABILITY = YES;
				GCC_C_LANGUAGE_STANDARD = gnu11;
				GCC_DYNAMIC_NO_PIC = NO;
				GCC_NO_COMMON_BLOCKS = YES;
				GCC_OPTIMIZATION_LEVEL = 0;
				GCC_PREPROCESSOR_DEFINITIONS = (
					"DEBUG=1",
					"$(inherited)",
				);
				GCC_WARN_64_TO_32_BIT_CONVERSION = YES;
				GCC_WARN_ABOUT_RETURN_TYPE = YES_ERROR;
				GCC_WARN_UNDECLARED_SELECTOR = YES;
				GCC_WARN_UNINITIALIZED_AUTOS = YES_AGGRESSIVE;
				GCC_WARN_UNUSED_FUNCTION = YES;
				GCC_WARN_UNUSED_VARIABLE = YES;
				IPHONEOS_DEPLOYMENT_TARGET = 11.2;
				MTL_ENABLE_DEBUG_INFO = YES;
				ONLY_ACTIVE_ARCH = YES;
				SDKROOT = iphoneos;
				SWIFT_ACTIVE_COMPILATION_CONDITIONS = DEBUG;
				SWIFT_OPTIMIZATION_LEVEL = "-Onone";
			};
			name = Debug;
		};
		502E8F9B20BFB65800D0985B /* Release */ = {
			isa = XCBuildConfiguration;
			buildSettings = {
				ALWAYS_SEARCH_USER_PATHS = NO;
				CLANG_ANALYZER_NONNULL = YES;
				CLANG_ANALYZER_NUMBER_OBJECT_CONVERSION = YES_AGGRESSIVE;
				CLANG_CXX_LANGUAGE_STANDARD = "gnu++14";
				CLANG_CXX_LIBRARY = "libc++";
				CLANG_ENABLE_MODULES = YES;
				CLANG_ENABLE_OBJC_ARC = YES;
				CLANG_WARN_BLOCK_CAPTURE_AUTORELEASING = YES;
				CLANG_WARN_BOOL_CONVERSION = YES;
				CLANG_WARN_COMMA = YES;
				CLANG_WARN_CONSTANT_CONVERSION = YES;
				CLANG_WARN_DIRECT_OBJC_ISA_USAGE = YES_ERROR;
				CLANG_WARN_DOCUMENTATION_COMMENTS = YES;
				CLANG_WARN_EMPTY_BODY = YES;
				CLANG_WARN_ENUM_CONVERSION = YES;
				CLANG_WARN_INFINITE_RECURSION = YES;
				CLANG_WARN_INT_CONVERSION = YES;
				CLANG_WARN_NON_LITERAL_NULL_CONVERSION = YES;
				CLANG_WARN_OBJC_LITERAL_CONVERSION = YES;
				CLANG_WARN_OBJC_ROOT_CLASS = YES_ERROR;
				CLANG_WARN_RANGE_LOOP_ANALYSIS = YES;
				CLANG_WARN_STRICT_PROTOTYPES = YES;
				CLANG_WARN_SUSPICIOUS_MOVE = YES;
				CLANG_WARN_UNGUARDED_AVAILABILITY = YES_AGGRESSIVE;
				CLANG_WARN_UNREACHABLE_CODE = YES;
				CLANG_WARN__DUPLICATE_METHOD_MATCH = YES;
				CODE_SIGN_IDENTITY = "iPhone Developer";
				COPY_PHASE_STRIP = NO;
				DEBUG_INFORMATION_FORMAT = "dwarf-with-dsym";
				ENABLE_NS_ASSERTIONS = NO;
				ENABLE_STRICT_OBJC_MSGSEND = YES;
				GCC_C_LANGUAGE_STANDARD = gnu11;
				GCC_NO_COMMON_BLOCKS = YES;
				GCC_WARN_64_TO_32_BIT_CONVERSION = YES;
				GCC_WARN_ABOUT_RETURN_TYPE = YES_ERROR;
				GCC_WARN_UNDECLARED_SELECTOR = YES;
				GCC_WARN_UNINITIALIZED_AUTOS = YES_AGGRESSIVE;
				GCC_WARN_UNUSED_FUNCTION = YES;
				GCC_WARN_UNUSED_VARIABLE = YES;
				IPHONEOS_DEPLOYMENT_TARGET = 11.2;
				MTL_ENABLE_DEBUG_INFO = NO;
				SDKROOT = iphoneos;
				SWIFT_OPTIMIZATION_LEVEL = "-Owholemodule";
				VALIDATE_PRODUCT = YES;
			};
			name = Release;
		};
		502E8F9D20BFB65800D0985B /* Debug */ = {
			isa = XCBuildConfiguration;
			buildSettings = {
				ASSETCATALOG_COMPILER_APPICON_NAME = AppIcon;
				CODE_SIGN_STYLE = Automatic;
				DEVELOPMENT_TEAM = HTKYYC23HA;
				INFOPLIST_FILE = "Multi Radio/Info.plist";
				LD_RUNPATH_SEARCH_PATHS = "$(inherited) @executable_path/Frameworks";
				PRODUCT_BUNDLE_IDENTIFIER = "com.mcc.Multi-Radio";
				PRODUCT_NAME = "$(TARGET_NAME)";
				SWIFT_VERSION = 4.0;
				TARGETED_DEVICE_FAMILY = "1,2";
			};
			name = Debug;
		};
		502E8F9E20BFB65800D0985B /* Release */ = {
			isa = XCBuildConfiguration;
			buildSettings = {
				ASSETCATALOG_COMPILER_APPICON_NAME = AppIcon;
				CODE_SIGN_STYLE = Automatic;
				DEVELOPMENT_TEAM = HTKYYC23HA;
				INFOPLIST_FILE = "Multi Radio/Info.plist";
				LD_RUNPATH_SEARCH_PATHS = "$(inherited) @executable_path/Frameworks";
				PRODUCT_BUNDLE_IDENTIFIER = "com.mcc.Multi-Radio";
				PRODUCT_NAME = "$(TARGET_NAME)";
				SWIFT_VERSION = 4.0;
				TARGETED_DEVICE_FAMILY = "1,2";
			};
			name = Release;
		};
		502E8FA020BFB65800D0985B /* Debug */ = {
			isa = XCBuildConfiguration;
			buildSettings = {
				ALWAYS_EMBED_SWIFT_STANDARD_LIBRARIES = YES;
				BUNDLE_LOADER = "$(TEST_HOST)";
				CODE_SIGN_STYLE = Automatic;
				DEVELOPMENT_TEAM = HTKYYC23HA;
				INFOPLIST_FILE = "Multi RadioTests/Info.plist";
				LD_RUNPATH_SEARCH_PATHS = "$(inherited) @executable_path/Frameworks @loader_path/Frameworks";
				PRODUCT_BUNDLE_IDENTIFIER = "com.mcc.Multi-RadioTests";
				PRODUCT_NAME = "$(TARGET_NAME)";
				SWIFT_VERSION = 4.0;
				TARGETED_DEVICE_FAMILY = "1,2";
				TEST_HOST = "$(BUILT_PRODUCTS_DIR)/Multi Radio.app/Multi Radio";
			};
			name = Debug;
		};
		502E8FA120BFB65800D0985B /* Release */ = {
			isa = XCBuildConfiguration;
			buildSettings = {
				ALWAYS_EMBED_SWIFT_STANDARD_LIBRARIES = YES;
				BUNDLE_LOADER = "$(TEST_HOST)";
				CODE_SIGN_STYLE = Automatic;
				DEVELOPMENT_TEAM = HTKYYC23HA;
				INFOPLIST_FILE = "Multi RadioTests/Info.plist";
				LD_RUNPATH_SEARCH_PATHS = "$(inherited) @executable_path/Frameworks @loader_path/Frameworks";
				PRODUCT_BUNDLE_IDENTIFIER = "com.mcc.Multi-RadioTests";
				PRODUCT_NAME = "$(TARGET_NAME)";
				SWIFT_VERSION = 4.0;
				TARGETED_DEVICE_FAMILY = "1,2";
				TEST_HOST = "$(BUILT_PRODUCTS_DIR)/Multi Radio.app/Multi Radio";
			};
			name = Release;
		};
		502E8FA320BFB65800D0985B /* Debug */ = {
			isa = XCBuildConfiguration;
			buildSettings = {
				ALWAYS_EMBED_SWIFT_STANDARD_LIBRARIES = YES;
				CODE_SIGN_STYLE = Automatic;
				DEVELOPMENT_TEAM = HTKYYC23HA;
				INFOPLIST_FILE = "Multi RadioUITests/Info.plist";
				LD_RUNPATH_SEARCH_PATHS = "$(inherited) @executable_path/Frameworks @loader_path/Frameworks";
				PRODUCT_BUNDLE_IDENTIFIER = "com.mcc.Multi-RadioUITests";
				PRODUCT_NAME = "$(TARGET_NAME)";
				SWIFT_VERSION = 4.0;
				TARGETED_DEVICE_FAMILY = "1,2";
				TEST_TARGET_NAME = "Multi Radio";
			};
			name = Debug;
		};
		502E8FA420BFB65800D0985B /* Release */ = {
			isa = XCBuildConfiguration;
			buildSettings = {
				ALWAYS_EMBED_SWIFT_STANDARD_LIBRARIES = YES;
				CODE_SIGN_STYLE = Automatic;
				DEVELOPMENT_TEAM = HTKYYC23HA;
				INFOPLIST_FILE = "Multi RadioUITests/Info.plist";
				LD_RUNPATH_SEARCH_PATHS = "$(inherited) @executable_path/Frameworks @loader_path/Frameworks";
				PRODUCT_BUNDLE_IDENTIFIER = "com.mcc.Multi-RadioUITests";
				PRODUCT_NAME = "$(TARGET_NAME)";
				SWIFT_VERSION = 4.0;
				TARGETED_DEVICE_FAMILY = "1,2";
				TEST_TARGET_NAME = "Multi Radio";
			};
			name = Release;
		};
/* End XCBuildConfiguration section */

/* Begin XCConfigurationList section */
		502E8F6F20BFB65700D0985B /* Build configuration list for PBXProject "Multi Radio" */ = {
			isa = XCConfigurationList;
			buildConfigurations = (
				502E8F9A20BFB65800D0985B /* Debug */,
				502E8F9B20BFB65800D0985B /* Release */,
			);
			defaultConfigurationIsVisible = 0;
			defaultConfigurationName = Release;
		};
		502E8F9C20BFB65800D0985B /* Build configuration list for PBXNativeTarget "Multi Radio" */ = {
			isa = XCConfigurationList;
			buildConfigurations = (
				502E8F9D20BFB65800D0985B /* Debug */,
				502E8F9E20BFB65800D0985B /* Release */,
			);
			defaultConfigurationIsVisible = 0;
			defaultConfigurationName = Release;
		};
		502E8F9F20BFB65800D0985B /* Build configuration list for PBXNativeTarget "Multi RadioTests" */ = {
			isa = XCConfigurationList;
			buildConfigurations = (
				502E8FA020BFB65800D0985B /* Debug */,
				502E8FA120BFB65800D0985B /* Release */,
			);
			defaultConfigurationIsVisible = 0;
			defaultConfigurationName = Release;
		};
		502E8FA220BFB65800D0985B /* Build configuration list for PBXNativeTarget "Multi RadioUITests" */ = {
			isa = XCConfigurationList;
			buildConfigurations = (
				502E8FA320BFB65800D0985B /* Debug */,
				502E8FA420BFB65800D0985B /* Release */,
			);
			defaultConfigurationIsVisible = 0;
			defaultConfigurationName = Release;
		};
/* End XCConfigurationList section */
	};
	rootObject = 502E8F6C20BFB65700D0985B /* Project object */;
}
